
Microsoft Visual Studio Solution File, Format Version 12.00
# Visual Studio Version 17
VisualStudioVersion = 17.7.34031.279
MinimumVisualStudioVersion = 10.0.40219.1
Project("{FAE04EC0-301F-11D3-BF4B-00C04F79EFBC}") = "Aplikasi_Perpus", "Aplikasi_Perpus.csproj", "{9A770E61-A257-4E1C-9F7B-67FEB1FC0319}"
EndProject
Global
	GlobalSection(SolutionConfigurationPlatforms) = preSolution
		Debug|Any CPU = Debug|Any CPU
		Release|Any CPU = Release|Any CPU
	EndGlobalSection
	GlobalSection(ProjectConfigurationPlatforms) = postSolution
		{9A770E61-A257-4E1C-9F7B-67FEB1FC0319}.Debug|Any CPU.ActiveCfg = Debug|Any CPU
		{9A770E61-A257-4E1C-9F7B-67FEB1FC0319}.Debug|Any CPU.Build.0 = Debug|Any CPU
		{9A770E61-A257-4E1C-9F7B-67FEB1FC0319}.Release|Any CPU.ActiveCfg = Release|Any CPU
		{9A770E61-A257-4E1C-9F7B-67FEB1FC0319}.Release|Any CPU.Build.0 = Release|Any CPU
	EndGlobalSection
	GlobalSection(SolutionProperties) = preSolution
		HideSolutionNode = FALSE
	EndGlobalSection
	GlobalSection(ExtensibilityGlobals) = postSolution
		SolutionGuid = {52DCD1DD-A66B-4E08-9451-1D3762A076B9}
	EndGlobalSection
EndGlobal
